{
  "name": "@neotoma/opencode-plugin",
  "version": "0.1.0",
  "lockfileVersion": 3,
  "requires": true,
  "packages": {
    "": {
      "name": "@neotoma/opencode-plugin",
      "version": "0.1.0",
      "license": "MIT",
      "dependencies": {
        "@neotoma/client": "file:../client"
      },
      "devDependencies": {
        "@types/node": "^20.11.0",
        "typescript": "^5.4.0"
      },
      "peerDependencies": {
        "@opencode-ai/plugin": "*"
      },
      "peerDependenciesMeta": {
        "@opencode-ai/plugin": {
          "optional": true
        }
      }
    },
    "../client": {
      "name": "@neotoma/client",
      "version": "0.1.0",
      "license": "MIT",
      "devDependencies": {
        "@types/node": "^20.10.6",
        "typescript": "^5.3.3"
      },
      "peerDependencies": {
        "neotoma": ">=0.4.0"
      },
      "peerDependenciesMeta": {
        "neotoma": {
          "optional": true
        }
      }
    },
    "../client/node_modules/@types/node": {
      "version": "20.19.39",
      "dev": true,
      "license": "MIT",
      "dependencies": {
        "undici-types": "~6.21.0"
      }
    },
    "../client/node_modules/typescript": {
      "version": "5.9.3",
      "dev": true,
      "license": "Apache-2.0",
      "bin": {
        "tsc": "bin/tsc",
        "tsserver": "bin/tsserver"
      },
      "engines": {
        "node": ">=14.17"
      }
    },
    "../client/node_modules/undici-types": {
      "version": "6.21.0",
      "dev": true,
      "license": "MIT"
    },
    "node_modules/@neotoma/client": {
      "resolved": "../client",
      "link": true
    },
    "node_modules/@types/node": {
      "version": "20.19.39",
      "dev": true,
      "license": "MIT",
      "dependencies": {
        "undici-types": "~6.21.0"
      }
    },
    "node_modules/typescript": {
      "version": "5.9.3",
      "dev": true,
      "license": "Apache-2.0",
      "bin": {
        "tsc": "bin/tsc",
        "tsserver": "bin/tsserver"
      },
      "engines": {
        "node": ">=14.17"
      }
    },
    "node_modules/undici-types": {
      "version": "6.21.0",
      "dev": true,
      "license": "MIT"
    }
  }
}
